
Microsoft Visual Studio Solution File, Format Version 12.00
Project("{FAE04EC0-301F-11D3-BF4B-00C04F79EFBC}") = "BondPrototype", "BondPrototype\BondPrototype.csproj", "{0B6B8B6A-BD30-4C90-8716-7A39D1F0ED1A}"
EndProject
Project("{FAE04EC0-301F-11D3-BF4B-00C04F79EFBC}") = "Translator", "Translator\Translator.csproj", "{0F234349-D4BE-4500-AEB1-6E91D24EB28E}"
EndProject
Global
	GlobalSection(SolutionConfigurationPlatforms) = preSolution
		Debug|Any CPU = Debug|Any CPU
		Release|Any CPU = Release|Any CPU
	EndGlobalSection
	GlobalSection(ProjectConfigurationPlatforms) = postSolution
		{0B6B8B6A-BD30-4C90-8716-7A39D1F0ED1A}.Debug|Any CPU.ActiveCfg = Debug|Any CPU
		{0B6B8B6A-BD30-4C90-8716-7A39D1F0ED1A}.Debug|Any CPU.Build.0 = Debug|Any CPU
		{0B6B8B6A-BD30-4C90-8716-7A39D1F0ED1A}.Release|Any CPU.ActiveCfg = Release|Any CPU
		{0B6B8B6A-BD30-4C90-8716-7A39D1F0ED1A}.Release|Any CPU.Build.0 = Release|Any CPU
		{0F234349-D4BE-4500-AEB1-6E91D24EB28E}.Debug|Any CPU.ActiveCfg = Debug|Any CPU
		{0F234349-D4BE-4500-AEB1-6E91D24EB28E}.Debug|Any CPU.Build.0 = Debug|Any CPU
		{0F234349-D4BE-4500-AEB1-6E91D24EB28E}.Release|Any CPU.ActiveCfg = Release|Any CPU
		{0F234349-D4BE-4500-AEB1-6E91D24EB28E}.Release|Any CPU.Build.0 = Release|Any CPU
	EndGlobalSection
EndGlobal
